
Microsoft Visual Studio Solution File, Format Version 12.00
# Visual Studio 15
VisualStudioVersion = 15.0.28307.329
MinimumVisualStudioVersion = 10.0.40219.1
Project("{9A19103F-16F7-4668-BE54-9A1E7A4F7556}") = "CivEngage.API", "CivEngage.API\CivEngage.API.csproj", "{47E7BECE-D620-4750-A61A-D65FB87B35D6}"
EndProject
Project("{FAE04EC0-301F-11D3-BF4B-00C04F79EFBC}") = "CivEngage.API.Test", "CivEngage.API.Test\CivEngage.API.Test.csproj", "{4D21F20D-C920-4988-B4F3-9DB2F3DE43C8}"
EndProject
Global
	GlobalSection(SolutionConfigurationPlatforms) = preSolution
		Debug|Any CPU = Debug|Any CPU
		Release|Any CPU = Release|Any CPU
	EndGlobalSection
	GlobalSection(ProjectConfigurationPlatforms) = postSolution
		{47E7BECE-D620-4750-A61A-D65FB87B35D6}.Debug|Any CPU.ActiveCfg = Debug|Any CPU
		{47E7BECE-D620-4750-A61A-D65FB87B35D6}.Debug|Any CPU.Build.0 = Debug|Any CPU
		{47E7BECE-D620-4750-A61A-D65FB87B35D6}.Release|Any CPU.ActiveCfg = Release|Any CPU
		{47E7BECE-D620-4750-A61A-D65FB87B35D6}.Release|Any CPU.Build.0 = Release|Any CPU
		{4D21F20D-C920-4988-B4F3-9DB2F3DE43C8}.Debug|Any CPU.ActiveCfg = Debug|Any CPU
		{4D21F20D-C920-4988-B4F3-9DB2F3DE43C8}.Debug|Any CPU.Build.0 = Debug|Any CPU
		{4D21F20D-C920-4988-B4F3-9DB2F3DE43C8}.Release|Any CPU.ActiveCfg = Release|Any CPU
		{4D21F20D-C920-4988-B4F3-9DB2F3DE43C8}.Release|Any CPU.Build.0 = Release|Any CPU
	EndGlobalSection
	GlobalSection(SolutionProperties) = preSolution
		HideSolutionNode = FALSE
	EndGlobalSection
	GlobalSection(ExtensibilityGlobals) = postSolution
		SolutionGuid = {FB2EB896-C460-4020-8EB3-E23C65421C99}
	EndGlobalSection
EndGlobal
